
Microsoft Visual Studio Solution File, Format Version 12.00
# Visual Studio Version 16
VisualStudioVersion = 16.0.32901.82
MinimumVisualStudioVersion = 10.0.40219.1
Project("{FAE04EC0-301F-11D3-BF4B-00C04F79EFBC}") = "VjzNasljedivanje2", "VjzNasljedivanje2\VjzNasljedivanje2.csproj", "{30FE0A94-4F6B-4F7E-B0E8-F5618552D511}"
EndProject
Global
	GlobalSection(SolutionConfigurationPlatforms) = preSolution
		Debug|Any CPU = Debug|Any CPU
		Release|Any CPU = Release|Any CPU
	EndGlobalSection
	GlobalSection(ProjectConfigurationPlatforms) = postSolution
		{30FE0A94-4F6B-4F7E-B0E8-F5618552D511}.Debug|Any CPU.ActiveCfg = Debug|Any CPU
		{30FE0A94-4F6B-4F7E-B0E8-F5618552D511}.Debug|Any CPU.Build.0 = Debug|Any CPU
		{30FE0A94-4F6B-4F7E-B0E8-F5618552D511}.Release|Any CPU.ActiveCfg = Release|Any CPU
		{30FE0A94-4F6B-4F7E-B0E8-F5618552D511}.Release|Any CPU.Build.0 = Release|Any CPU
	EndGlobalSection
	GlobalSection(SolutionProperties) = preSolution
		HideSolutionNode = FALSE
	EndGlobalSection
	GlobalSection(ExtensibilityGlobals) = postSolution
		SolutionGuid = {2E098EB1-852B-493D-A617-2E40688AC3F9}
	EndGlobalSection
EndGlobal
